
Microsoft Visual Studio Solution File, Format Version 12.00
# Visual Studio Version 17
VisualStudioVersion = 17.3.32825.248
MinimumVisualStudioVersion = 10.0.40219.1
Project("{2150E333-8FDC-42A3-9474-1A3956D46DE8}") = "FrontEnd", "FrontEnd", "{B208BC56-5688-4929-AE26-7B5293EBE41D}"
EndProject
Project("{FAE04EC0-301F-11D3-BF4B-00C04F79EFBC}") = "Pnk.Web", "Pnk.Web\Pnk.Web.csproj", "{D3B12A9C-4629-4660-8C3A-4C992F7F317B}"
EndProject
Project("{2150E333-8FDC-42A3-9474-1A3956D46DE8}") = "Services", "Services", "{1D152B95-C483-4743-B73F-74678C14A659}"
EndProject
Project("{FAE04EC0-301F-11D3-BF4B-00C04F79EFBC}") = "Pnk.Services.ProductAPI", "Pnk.Services.ProductAPI\Pnk.Services.ProductAPI.csproj", "{1D69FA0E-64ED-482D-852C-D07CE4BAF3D2}"
EndProject
Global
	GlobalSection(SolutionConfigurationPlatforms) = preSolution
		Debug|Any CPU = Debug|Any CPU
		Release|Any CPU = Release|Any CPU
	EndGlobalSection
	GlobalSection(ProjectConfigurationPlatforms) = postSolution
		{D3B12A9C-4629-4660-8C3A-4C992F7F317B}.Debug|Any CPU.ActiveCfg = Debug|Any CPU
		{D3B12A9C-4629-4660-8C3A-4C992F7F317B}.Debug|Any CPU.Build.0 = Debug|Any CPU
		{D3B12A9C-4629-4660-8C3A-4C992F7F317B}.Release|Any CPU.ActiveCfg = Release|Any CPU
		{D3B12A9C-4629-4660-8C3A-4C992F7F317B}.Release|Any CPU.Build.0 = Release|Any CPU
		{1D69FA0E-64ED-482D-852C-D07CE4BAF3D2}.Debug|Any CPU.ActiveCfg = Debug|Any CPU
		{1D69FA0E-64ED-482D-852C-D07CE4BAF3D2}.Debug|Any CPU.Build.0 = Debug|Any CPU
		{1D69FA0E-64ED-482D-852C-D07CE4BAF3D2}.Release|Any CPU.ActiveCfg = Release|Any CPU
		{1D69FA0E-64ED-482D-852C-D07CE4BAF3D2}.Release|Any CPU.Build.0 = Release|Any CPU
	EndGlobalSection
	GlobalSection(SolutionProperties) = preSolution
		HideSolutionNode = FALSE
	EndGlobalSection
	GlobalSection(NestedProjects) = preSolution
		{D3B12A9C-4629-4660-8C3A-4C992F7F317B} = {B208BC56-5688-4929-AE26-7B5293EBE41D}
		{1D69FA0E-64ED-482D-852C-D07CE4BAF3D2} = {1D152B95-C483-4743-B73F-74678C14A659}
	EndGlobalSection
	GlobalSection(ExtensibilityGlobals) = postSolution
		SolutionGuid = {51A9FD95-227A-44AB-A648-6C7297E559EC}
	EndGlobalSection
EndGlobal
